
Microsoft Visual Studio Solution File, Format Version 12.00
# Visual Studio Version 16
VisualStudioVersion = 16.0.30320.27
MinimumVisualStudioVersion = 10.0.40219.1
Project("{2150E333-8FDC-42A3-9474-1A3956D46DE8}") = "HJSF.Utility", "HJSF.Utility", "{3ABB78C6-014B-4AB2-AEE9-461EA238D34A}"
EndProject
Project("{2150E333-8FDC-42A3-9474-1A3956D46DE8}") = "HJSF.Milleware", "HJSF.Milleware", "{F755A7BD-A781-4091-9267-7ED1E6AEA47B}"
EndProject
Project("{2150E333-8FDC-42A3-9474-1A3956D46DE8}") = "HJSF.Interface", "HJSF.Interface", "{48ECAB8E-10F6-4D93-A1EA-1CBCFB1AFAD9}"
EndProject
Project("{2150E333-8FDC-42A3-9474-1A3956D46DE8}") = "HJSF.Services", "HJSF.Services", "{94EA6A8E-3F1D-442C-99EC-F5949DE08AE0}"
EndProject
Project("{2150E333-8FDC-42A3-9474-1A3956D46DE8}") = "HJSF.Repository", "HJSF.Repository", "{B6B684AC-80D0-461D-BB2A-5D80DE1185D5}"
EndProject
Project("{2150E333-8FDC-42A3-9474-1A3956D46DE8}") = "HJSF.Models", "HJSF.Models", "{6A19449F-7DBD-4CC5-A2EF-6F0D23BE9E5F}"
EndProject
Project("{2150E333-8FDC-42A3-9474-1A3956D46DE8}") = "SqlServer", "SqlServer", "{C764D400-1B4D-402D-B111-8476B85825D8}"
EndProject
Project("{9A19103F-16F7-4668-BE54-9A1E7A4F7556}") = "HJSF.ISqlServer", "ISqlSguar\HJSF.ISqlServer.csproj", "{1213C97E-AF81-4C2E-84D6-D7C65404EE88}"
EndProject
Project("{9A19103F-16F7-4668-BE54-9A1E7A4F7556}") = "HJSF.RepositoryServices", "RepositoryServices\HJSF.RepositoryServices.csproj", "{E4499E32-5ABD-44FF-A6F7-F77C250BC326}"
EndProject
Project("{9A19103F-16F7-4668-BE54-9A1E7A4F7556}") = "HFJS.Entity", "HFJS.Entity\HFJS.Entity.csproj", "{5365B03B-22E5-4E58-89F2-535F68DAFC86}"
EndProject
Project("{9A19103F-16F7-4668-BE54-9A1E7A4F7556}") = "HJSF.Enum", "HJSF.Enum\HJSF.Enum.csproj", "{0AFA7BE1-114C-40D8-92BC-BF7A3AC1F4D1}"
EndProject
Project("{9A19103F-16F7-4668-BE54-9A1E7A4F7556}") = "HJSF.ORM", "HJSF.ORM\HJSF.ORM.csproj", "{F8829853-8A14-484E-9A33-A8D70C8895FE}"
EndProject
Project("{9A19103F-16F7-4668-BE54-9A1E7A4F7556}") = "Test", "Test\Test.csproj", "{790C06B5-9790-4162-8720-D6F964207451}"
EndProject
Project("{9A19103F-16F7-4668-BE54-9A1E7A4F7556}") = "HJSF.Web", "HJSF.Web\HJSF.Web.csproj", "{8CA3B535-A198-4A77-952F-C3B407755B59}"
EndProject
Project("{9A19103F-16F7-4668-BE54-9A1E7A4F7556}") = "Cache", "RedisServer\Cache.csproj", "{7307C218-2AFB-4CEF-8F5B-53A40D0F3D0E}"
EndProject
Project("{2150E333-8FDC-42A3-9474-1A3956D46DE8}") = "CacheServer", "CacheServer", "{0D16CE62-EABA-4D38-B559-43E979E49DD7}"
EndProject
Project("{9A19103F-16F7-4668-BE54-9A1E7A4F7556}") = "Library", "Library\Library.csproj", "{EA2C7C5C-E796-4B9C-86CA-C4549D3B567D}"
EndProject
Project("{9A19103F-16F7-4668-BE54-9A1E7A4F7556}") = "Utility", "Utility\Utility.csproj", "{52190935-FDEA-496E-8527-51309662B699}"
EndProject
Project("{9A19103F-16F7-4668-BE54-9A1E7A4F7556}") = "Middleware", "Middleware\Middleware.csproj", "{1409AC6D-789B-4CCD-8426-BE415908D58F}"
EndProject
Project("{9A19103F-16F7-4668-BE54-9A1E7A4F7556}") = "Interface", "Interface\Interface.csproj", "{BEDA7934-B4DC-4796-B25A-0CC20E3E92C6}"
EndProject
Project("{9A19103F-16F7-4668-BE54-9A1E7A4F7556}") = "Services", "Services\Services.csproj", "{AF503A36-10F3-4B30-95A3-D300DED950C2}"
EndProject
Project("{2150E333-8FDC-42A3-9474-1A3956D46DE8}") = "Aop", "Aop", "{8588731D-459B-4559-8C9D-FD01B41EF2A3}"
EndProject
Project("{9A19103F-16F7-4668-BE54-9A1E7A4F7556}") = "HJSF.AOP", "HJSF.AOP\HJSF.AOP.csproj", "{244FBA27-631E-45EB-ABBF-FC121377B809}"
EndProject
Global
	GlobalSection(SolutionConfigurationPlatforms) = preSolution
		Debug|Any CPU = Debug|Any CPU
		Release|Any CPU = Release|Any CPU
	EndGlobalSection
	GlobalSection(ProjectConfigurationPlatforms) = postSolution
		{1213C97E-AF81-4C2E-84D6-D7C65404EE88}.Debug|Any CPU.ActiveCfg = Debug|Any CPU
		{1213C97E-AF81-4C2E-84D6-D7C65404EE88}.Debug|Any CPU.Build.0 = Debug|Any CPU
		{1213C97E-AF81-4C2E-84D6-D7C65404EE88}.Release|Any CPU.ActiveCfg = Release|Any CPU
		{1213C97E-AF81-4C2E-84D6-D7C65404EE88}.Release|Any CPU.Build.0 = Release|Any CPU
		{E4499E32-5ABD-44FF-A6F7-F77C250BC326}.Debug|Any CPU.ActiveCfg = Debug|Any CPU
		{E4499E32-5ABD-44FF-A6F7-F77C250BC326}.Debug|Any CPU.Build.0 = Debug|Any CPU
		{E4499E32-5ABD-44FF-A6F7-F77C250BC326}.Release|Any CPU.ActiveCfg = Release|Any CPU
		{E4499E32-5ABD-44FF-A6F7-F77C250BC326}.Release|Any CPU.Build.0 = Release|Any CPU
		{5365B03B-22E5-4E58-89F2-535F68DAFC86}.Debug|Any CPU.ActiveCfg = Debug|Any CPU
		{5365B03B-22E5-4E58-89F2-535F68DAFC86}.Debug|Any CPU.Build.0 = Debug|Any CPU
		{5365B03B-22E5-4E58-89F2-535F68DAFC86}.Release|Any CPU.ActiveCfg = Release|Any CPU
		{5365B03B-22E5-4E58-89F2-535F68DAFC86}.Release|Any CPU.Build.0 = Release|Any CPU
		{0AFA7BE1-114C-40D8-92BC-BF7A3AC1F4D1}.Debug|Any CPU.ActiveCfg = Debug|Any CPU
		{0AFA7BE1-114C-40D8-92BC-BF7A3AC1F4D1}.Debug|Any CPU.Build.0 = Debug|Any CPU
		{0AFA7BE1-114C-40D8-92BC-BF7A3AC1F4D1}.Release|Any CPU.ActiveCfg = Release|Any CPU
		{0AFA7BE1-114C-40D8-92BC-BF7A3AC1F4D1}.Release|Any CPU.Build.0 = Release|Any CPU
		{F8829853-8A14-484E-9A33-A8D70C8895FE}.Debug|Any CPU.ActiveCfg = Debug|Any CPU
		{F8829853-8A14-484E-9A33-A8D70C8895FE}.Debug|Any CPU.Build.0 = Debug|Any CPU
		{F8829853-8A14-484E-9A33-A8D70C8895FE}.Release|Any CPU.ActiveCfg = Release|Any CPU
		{F8829853-8A14-484E-9A33-A8D70C8895FE}.Release|Any CPU.Build.0 = Release|Any CPU
		{790C06B5-9790-4162-8720-D6F964207451}.Debug|Any CPU.ActiveCfg = Debug|Any CPU
		{790C06B5-9790-4162-8720-D6F964207451}.Debug|Any CPU.Build.0 = Debug|Any CPU
		{790C06B5-9790-4162-8720-D6F964207451}.Release|Any CPU.ActiveCfg = Release|Any CPU
		{790C06B5-9790-4162-8720-D6F964207451}.Release|Any CPU.Build.0 = Release|Any CPU
		{8CA3B535-A198-4A77-952F-C3B407755B59}.Debug|Any CPU.ActiveCfg = Debug|Any CPU
		{8CA3B535-A198-4A77-952F-C3B407755B59}.Debug|Any CPU.Build.0 = Debug|Any CPU
		{8CA3B535-A198-4A77-952F-C3B407755B59}.Release|Any CPU.ActiveCfg = Release|Any CPU
		{8CA3B535-A198-4A77-952F-C3B407755B59}.Release|Any CPU.Build.0 = Release|Any CPU
		{7307C218-2AFB-4CEF-8F5B-53A40D0F3D0E}.Debug|Any CPU.ActiveCfg = Debug|Any CPU
		{7307C218-2AFB-4CEF-8F5B-53A40D0F3D0E}.Debug|Any CPU.Build.0 = Debug|Any CPU
		{7307C218-2AFB-4CEF-8F5B-53A40D0F3D0E}.Release|Any CPU.ActiveCfg = Release|Any CPU
		{7307C218-2AFB-4CEF-8F5B-53A40D0F3D0E}.Release|Any CPU.Build.0 = Release|Any CPU
		{EA2C7C5C-E796-4B9C-86CA-C4549D3B567D}.Debug|Any CPU.ActiveCfg = Debug|Any CPU
		{EA2C7C5C-E796-4B9C-86CA-C4549D3B567D}.Debug|Any CPU.Build.0 = Debug|Any CPU
		{EA2C7C5C-E796-4B9C-86CA-C4549D3B567D}.Release|Any CPU.ActiveCfg = Release|Any CPU
		{EA2C7C5C-E796-4B9C-86CA-C4549D3B567D}.Release|Any CPU.Build.0 = Release|Any CPU
		{52190935-FDEA-496E-8527-51309662B699}.Debug|Any CPU.ActiveCfg = Debug|Any CPU
		{52190935-FDEA-496E-8527-51309662B699}.Debug|Any CPU.Build.0 = Debug|Any CPU
		{52190935-FDEA-496E-8527-51309662B699}.Release|Any CPU.ActiveCfg = Release|Any CPU
		{52190935-FDEA-496E-8527-51309662B699}.Release|Any CPU.Build.0 = Release|Any CPU
		{1409AC6D-789B-4CCD-8426-BE415908D58F}.Debug|Any CPU.ActiveCfg = Debug|Any CPU
		{1409AC6D-789B-4CCD-8426-BE415908D58F}.Debug|Any CPU.Build.0 = Debug|Any CPU
		{1409AC6D-789B-4CCD-8426-BE415908D58F}.Release|Any CPU.ActiveCfg = Release|Any CPU
		{1409AC6D-789B-4CCD-8426-BE415908D58F}.Release|Any CPU.Build.0 = Release|Any CPU
		{BEDA7934-B4DC-4796-B25A-0CC20E3E92C6}.Debug|Any CPU.ActiveCfg = Debug|Any CPU
		{BEDA7934-B4DC-4796-B25A-0CC20E3E92C6}.Debug|Any CPU.Build.0 = Debug|Any CPU
		{BEDA7934-B4DC-4796-B25A-0CC20E3E92C6}.Release|Any CPU.ActiveCfg = Release|Any CPU
		{BEDA7934-B4DC-4796-B25A-0CC20E3E92C6}.Release|Any CPU.Build.0 = Release|Any CPU
		{AF503A36-10F3-4B30-95A3-D300DED950C2}.Debug|Any CPU.ActiveCfg = Debug|Any CPU
		{AF503A36-10F3-4B30-95A3-D300DED950C2}.Debug|Any CPU.Build.0 = Debug|Any CPU
		{AF503A36-10F3-4B30-95A3-D300DED950C2}.Release|Any CPU.ActiveCfg = Release|Any CPU
		{AF503A36-10F3-4B30-95A3-D300DED950C2}.Release|Any CPU.Build.0 = Release|Any CPU
		{244FBA27-631E-45EB-ABBF-FC121377B809}.Debug|Any CPU.ActiveCfg = Debug|Any CPU
		{244FBA27-631E-45EB-ABBF-FC121377B809}.Debug|Any CPU.Build.0 = Debug|Any CPU
		{244FBA27-631E-45EB-ABBF-FC121377B809}.Release|Any CPU.ActiveCfg = Release|Any CPU
		{244FBA27-631E-45EB-ABBF-FC121377B809}.Release|Any CPU.Build.0 = Release|Any CPU
	EndGlobalSection
	GlobalSection(SolutionProperties) = preSolution
		HideSolutionNode = FALSE
	EndGlobalSection
	GlobalSection(NestedProjects) = preSolution
		{C764D400-1B4D-402D-B111-8476B85825D8} = {48ECAB8E-10F6-4D93-A1EA-1CBCFB1AFAD9}
		{1213C97E-AF81-4C2E-84D6-D7C65404EE88} = {C764D400-1B4D-402D-B111-8476B85825D8}
		{E4499E32-5ABD-44FF-A6F7-F77C250BC326} = {B6B684AC-80D0-461D-BB2A-5D80DE1185D5}
		{5365B03B-22E5-4E58-89F2-535F68DAFC86} = {6A19449F-7DBD-4CC5-A2EF-6F0D23BE9E5F}
		{0AFA7BE1-114C-40D8-92BC-BF7A3AC1F4D1} = {6A19449F-7DBD-4CC5-A2EF-6F0D23BE9E5F}
		{F8829853-8A14-484E-9A33-A8D70C8895FE} = {B6B684AC-80D0-461D-BB2A-5D80DE1185D5}
		{7307C218-2AFB-4CEF-8F5B-53A40D0F3D0E} = {0D16CE62-EABA-4D38-B559-43E979E49DD7}
		{0D16CE62-EABA-4D38-B559-43E979E49DD7} = {48ECAB8E-10F6-4D93-A1EA-1CBCFB1AFAD9}
		{EA2C7C5C-E796-4B9C-86CA-C4549D3B567D} = {3ABB78C6-014B-4AB2-AEE9-461EA238D34A}
		{52190935-FDEA-496E-8527-51309662B699} = {3ABB78C6-014B-4AB2-AEE9-461EA238D34A}
		{1409AC6D-789B-4CCD-8426-BE415908D58F} = {F755A7BD-A781-4091-9267-7ED1E6AEA47B}
		{BEDA7934-B4DC-4796-B25A-0CC20E3E92C6} = {94EA6A8E-3F1D-442C-99EC-F5949DE08AE0}
		{AF503A36-10F3-4B30-95A3-D300DED950C2} = {94EA6A8E-3F1D-442C-99EC-F5949DE08AE0}
		{8588731D-459B-4559-8C9D-FD01B41EF2A3} = {48ECAB8E-10F6-4D93-A1EA-1CBCFB1AFAD9}
		{244FBA27-631E-45EB-ABBF-FC121377B809} = {8588731D-459B-4559-8C9D-FD01B41EF2A3}
	EndGlobalSection
	GlobalSection(ExtensibilityGlobals) = postSolution
		SolutionGuid = {CCD4CDD5-F8E0-481C-A448-3966E1390916}
	EndGlobalSection
EndGlobal
